{
  "name": "Pixel-Pilot",
  "lockfileVersion": 3,
  "requires": true,
  "packages": {
    "": {
      "dependencies": {
        "@huggingface/inference": "^4.2.0"
      }
    },
    "node_modules/@huggingface/inference": {
      "version": "4.2.0",
      "resolved": "https://registry.npmjs.org/@huggingface/inference/-/inference-4.2.0.tgz",
      "integrity": "sha512-mmt/wCojZ7OUYFsWAqz+xmJCe4RiU6Vs6q54tPxKl55jquLwBKgwd2LwGa8TxF7KeaGvBN+jk/OOLKwcce0vzg==",
      "license": "MIT",
      "dependencies": {
        "@huggingface/jinja": "^0.5.0",
        "@huggingface/tasks": "^0.19.19"
      },
      "engines": {
        "node": ">=18"
      }
    },
    "node_modules/@huggingface/jinja": {
      "version": "0.5.0",
      "resolved": "https://registry.npmjs.org/@huggingface/jinja/-/jinja-0.5.0.tgz",
      "integrity": "sha512-Ptc03/jGRiYRoi0bUYKZ14MkDslsBRT24oxmsvUlfYrvQMldrxCevhPnT+hfX8awKTT8/f/0ZBBWldoeAcMHdQ==",
      "license": "MIT",
      "engines": {
        "node": ">=18"
      }
    },
    "node_modules/@huggingface/tasks": {
      "version": "0.19.19",
      "resolved": "https://registry.npmjs.org/@huggingface/tasks/-/tasks-0.19.19.tgz",
      "integrity": "sha512-+hXA5pk8gnaWc0BK/s5e68rwsucjPJjdoSBx9MCkRwVgVS0JwXCF5EbaSBSDt4CUDsq1uj33RbdQt/K9l2mJLg==",
      "license": "MIT"
    }
  }
}
